{
  "meteor": {},
  "dependencies": {
    "basePackages": {
      "iron-router": {},
      "accounts-entry": {
        "git": "https://github.com/Differential/accounts-entry.git",
        "branch": "master"
      },
      "handlebars-server": {
        "git": "https://github.com/EventedMind/meteor-handlebars-server.git",
        "branch": "master"
      },
      "minimongoid": {},
      "persistent-session": {},
      "jasmine-unit": {
        "git": "https://github.com/xolvio/jasmine-unit.git",
        "branch": "master"
      },
      "facebook-server-methods": {}
    },
    "packages": {
      "iron-router": {
        "git": "https://github.com/EventedMind/iron-router.git",
        "tag": "v0.7.1",
        "commit": "d1ffb3f06ea4c112132b030f2eb1a70b81675ecb"
      },
      "accounts-entry": {
        "git": "https://github.com/Differential/accounts-entry.git",
        "branch": "master",
        "commit": "73f231b8cefa5d78b399200dd69877e83ea5cf1f"
      },
      "handlebars-server": {
        "git": "https://github.com/EventedMind/meteor-handlebars-server.git",
        "branch": "master",
        "commit": "ce65fa1f63b94383e4e6168cdcec1b9e1d527668"
      },
      "minimongoid": {
        "git": "https://github.com/Exygy/minimongoid.git",
        "tag": "v0.8.8",
        "commit": "cf8d0bec44934d617544965977f270f2a8cdca02"
      },
      "persistent-session": {
        "git": "https://github.com/okgrow/meteor-persistent-session.git",
        "tag": "v0.1.4",
        "commit": "38c104fe4f9af24d16047d344af44e38e0a9e7a9"
      },
      "jasmine-unit": {
        "git": "https://github.com/xolvio/jasmine-unit.git",
        "branch": "master",
        "commit": "885dde77a96390d0fd31b03756f837f482db2ef1"
      },
      "facebook-server-methods": {
        "git": "https://github.com/premosystems/meteor-facebook-server-methods",
        "tag": "v0.1.0",
        "commit": "70fe4de1185a66d354e6d2adc60cd217fb10304b"
      },
      "blaze-layout": {
        "git": "https://github.com/EventedMind/blaze-layout.git",
        "tag": "v0.2.4",
        "commit": "b40e9b0612329288d75cf52ad14a7da64bb8618f"
      },
      "accounts-t9n": {
        "git": "https://github.com/softwarerero/meteor-accounts-t9n.git",
        "tag": "v0.0.5",
        "commit": "ad9539a8818049d5d9fa050d8b2a1f62706483b1"
      },
      "simple-form": {
        "git": "https://github.com/Differential/simple-form.git",
        "tag": "v0.1.8",
        "commit": "1ea0d3621b333e6f24f37e0e93efd3c081068716"
      },
      "underscore-string-latest": {
        "git": "https://github.com/TimHeckel/meteor-underscore-string.git",
        "tag": "v2.3.3",
        "commit": "4a5d70eee48fbd90a6e6fc78747250d704a0b3bb"
      },
      "velocity": {
        "git": "https://github.com/xolvio/velocity.git",
        "tag": "v0.1.14",
        "commit": "a79260e019e385dce09a67f1017f90d3143a12d9"
      },
      "package-stubber": {
        "git": "https://github.com/alanning/meteor-package-stubber.git",
        "tag": "v0.0.15",
        "commit": "62ad08f8486aacbbc5ec22ea6e2a31573748b7d7"
      },
      "facebook-node-sdk": {
        "git": "https://github.com/timbroddin/meteor-facebook-node-sdk.git",
        "tag": "v0.1.0",
        "commit": "031e1c55f6da43a68bd01255422b2e7bf508ac38"
      }
    }
  }
}
